
Microsoft Visual Studio Solution File, Format Version 12.00
# Visual Studio Version 17
VisualStudioVersion = 17.0.31903.59
MinimumVisualStudioVersion = 10.0.40219.1
Project("{2150E333-8FDC-42A3-9474-1A3956D46DE8}") = "MapControl", "MapControl", "{52AECE49-F314-4F76-98F2-FA800F07824B}"
EndProject
Project("{9A19103F-16F7-4668-BE54-9A1E7A4F7556}") = "MapControl.WPF", "MapControl\WPF\MapControl.WPF.csproj", "{A204A102-C745-4D65-AEC8-7B96FAEDEF2D}"
EndProject
Project("{2150E333-8FDC-42A3-9474-1A3956D46DE8}") = "SampleApps", "SampleApps", "{8F2103C2-78AF-4810-8FB9-67572F50C8FC}"
EndProject
Project("{2150E333-8FDC-42A3-9474-1A3956D46DE8}") = "MBTiles", "MBTiles", "{CEAD0EA1-A971-4F5F-9EAE-C72F75D1F737}"
EndProject
Project("{9A19103F-16F7-4668-BE54-9A1E7A4F7556}") = "MBTiles.WPF", "MBTiles\WPF\MBTiles.WPF.csproj", "{38B18AB6-6E70-4696-8FB4-E8C8E12BF50C}"
EndProject
Project("{2150E333-8FDC-42A3-9474-1A3956D46DE8}") = "MapProjections", "MapProjections", "{7BC11E28-8D3B-4C5B-AC08-AB249CC95F6D}"
EndProject
Project("{9A19103F-16F7-4668-BE54-9A1E7A4F7556}") = "MapProjections.WPF", "MapProjections\WPF\MapProjections.WPF.csproj", "{426C21C0-5F14-491F-BCD1-6D2993510420}"
EndProject
Project("{9A19103F-16F7-4668-BE54-9A1E7A4F7556}") = "VectorViewer", "SampleApps\WpfApplication\VectorViewer.csproj", "{F92DA93D-75DB-4308-A5F9-6B4C3908A675}"
EndProject
Project("{2150E333-8FDC-42A3-9474-1A3956D46DE8}") = "MapUiTools", "MapUiTools", "{90C681E9-12AE-4B5F-932D-7EF5D35D8436}"
EndProject
Project("{9A19103F-16F7-4668-BE54-9A1E7A4F7556}") = "MapUiTools.WPF", "MapUiTools\WPF\MapUiTools.WPF.csproj", "{12430DAE-DC53-4C37-95D5-B8923B5FD3D7}"
EndProject
Global
	GlobalSection(SolutionConfigurationPlatforms) = preSolution
		Debug|Any CPU = Debug|Any CPU
		Debug|arm64 = Debug|arm64
		Debug|x64 = Debug|x64
		Debug|x86 = Debug|x86
		Release|Any CPU = Release|Any CPU
		Release|arm64 = Release|arm64
		Release|x64 = Release|x64
		Release|x86 = Release|x86
	EndGlobalSection
	GlobalSection(ProjectConfigurationPlatforms) = postSolution
		{A204A102-C745-4D65-AEC8-7B96FAEDEF2D}.Debug|Any CPU.ActiveCfg = Debug|Any CPU
		{A204A102-C745-4D65-AEC8-7B96FAEDEF2D}.Debug|Any CPU.Build.0 = Debug|Any CPU
		{A204A102-C745-4D65-AEC8-7B96FAEDEF2D}.Debug|arm64.ActiveCfg = Debug|Any CPU
		{A204A102-C745-4D65-AEC8-7B96FAEDEF2D}.Debug|arm64.Build.0 = Debug|Any CPU
		{A204A102-C745-4D65-AEC8-7B96FAEDEF2D}.Debug|x64.ActiveCfg = Debug|Any CPU
		{A204A102-C745-4D65-AEC8-7B96FAEDEF2D}.Debug|x64.Build.0 = Debug|Any CPU
		{A204A102-C745-4D65-AEC8-7B96FAEDEF2D}.Debug|x86.ActiveCfg = Debug|Any CPU
		{A204A102-C745-4D65-AEC8-7B96FAEDEF2D}.Debug|x86.Build.0 = Debug|Any CPU
		{A204A102-C745-4D65-AEC8-7B96FAEDEF2D}.Release|Any CPU.ActiveCfg = Release|Any CPU
		{A204A102-C745-4D65-AEC8-7B96FAEDEF2D}.Release|Any CPU.Build.0 = Release|Any CPU
		{A204A102-C745-4D65-AEC8-7B96FAEDEF2D}.Release|arm64.ActiveCfg = Release|Any CPU
		{A204A102-C745-4D65-AEC8-7B96FAEDEF2D}.Release|arm64.Build.0 = Release|Any CPU
		{A204A102-C745-4D65-AEC8-7B96FAEDEF2D}.Release|x64.ActiveCfg = Release|Any CPU
		{A204A102-C745-4D65-AEC8-7B96FAEDEF2D}.Release|x64.Build.0 = Release|Any CPU
		{A204A102-C745-4D65-AEC8-7B96FAEDEF2D}.Release|x86.ActiveCfg = Release|Any CPU
		{A204A102-C745-4D65-AEC8-7B96FAEDEF2D}.Release|x86.Build.0 = Release|Any CPU
		{38B18AB6-6E70-4696-8FB4-E8C8E12BF50C}.Debug|Any CPU.ActiveCfg = Debug|Any CPU
		{38B18AB6-6E70-4696-8FB4-E8C8E12BF50C}.Debug|Any CPU.Build.0 = Debug|Any CPU
		{38B18AB6-6E70-4696-8FB4-E8C8E12BF50C}.Debug|arm64.ActiveCfg = Debug|Any CPU
		{38B18AB6-6E70-4696-8FB4-E8C8E12BF50C}.Debug|arm64.Build.0 = Debug|Any CPU
		{38B18AB6-6E70-4696-8FB4-E8C8E12BF50C}.Debug|x64.ActiveCfg = Debug|Any CPU
		{38B18AB6-6E70-4696-8FB4-E8C8E12BF50C}.Debug|x64.Build.0 = Debug|Any CPU
		{38B18AB6-6E70-4696-8FB4-E8C8E12BF50C}.Debug|x86.ActiveCfg = Debug|Any CPU
		{38B18AB6-6E70-4696-8FB4-E8C8E12BF50C}.Debug|x86.Build.0 = Debug|Any CPU
		{38B18AB6-6E70-4696-8FB4-E8C8E12BF50C}.Release|Any CPU.ActiveCfg = Release|Any CPU
		{38B18AB6-6E70-4696-8FB4-E8C8E12BF50C}.Release|Any CPU.Build.0 = Release|Any CPU
		{38B18AB6-6E70-4696-8FB4-E8C8E12BF50C}.Release|arm64.ActiveCfg = Release|Any CPU
		{38B18AB6-6E70-4696-8FB4-E8C8E12BF50C}.Release|arm64.Build.0 = Release|Any CPU
		{38B18AB6-6E70-4696-8FB4-E8C8E12BF50C}.Release|x64.ActiveCfg = Release|Any CPU
		{38B18AB6-6E70-4696-8FB4-E8C8E12BF50C}.Release|x64.Build.0 = Release|Any CPU
		{38B18AB6-6E70-4696-8FB4-E8C8E12BF50C}.Release|x86.ActiveCfg = Release|Any CPU
		{38B18AB6-6E70-4696-8FB4-E8C8E12BF50C}.Release|x86.Build.0 = Release|Any CPU
		{426C21C0-5F14-491F-BCD1-6D2993510420}.Debug|Any CPU.ActiveCfg = Debug|Any CPU
		{426C21C0-5F14-491F-BCD1-6D2993510420}.Debug|Any CPU.Build.0 = Debug|Any CPU
		{426C21C0-5F14-491F-BCD1-6D2993510420}.Debug|arm64.ActiveCfg = Debug|Any CPU
		{426C21C0-5F14-491F-BCD1-6D2993510420}.Debug|arm64.Build.0 = Debug|Any CPU
		{426C21C0-5F14-491F-BCD1-6D2993510420}.Debug|x64.ActiveCfg = Debug|Any CPU
		{426C21C0-5F14-491F-BCD1-6D2993510420}.Debug|x64.Build.0 = Debug|Any CPU
		{426C21C0-5F14-491F-BCD1-6D2993510420}.Debug|x86.ActiveCfg = Debug|Any CPU
		{426C21C0-5F14-491F-BCD1-6D2993510420}.Debug|x86.Build.0 = Debug|Any CPU
		{426C21C0-5F14-491F-BCD1-6D2993510420}.Release|Any CPU.ActiveCfg = Release|Any CPU
		{426C21C0-5F14-491F-BCD1-6D2993510420}.Release|Any CPU.Build.0 = Release|Any CPU
		{426C21C0-5F14-491F-BCD1-6D2993510420}.Release|arm64.ActiveCfg = Release|Any CPU
		{426C21C0-5F14-491F-BCD1-6D2993510420}.Release|arm64.Build.0 = Release|Any CPU
		{426C21C0-5F14-491F-BCD1-6D2993510420}.Release|x64.ActiveCfg = Release|Any CPU
		{426C21C0-5F14-491F-BCD1-6D2993510420}.Release|x64.Build.0 = Release|Any CPU
		{426C21C0-5F14-491F-BCD1-6D2993510420}.Release|x86.ActiveCfg = Release|Any CPU
		{426C21C0-5F14-491F-BCD1-6D2993510420}.Release|x86.Build.0 = Release|Any CPU
		{F92DA93D-75DB-4308-A5F9-6B4C3908A675}.Debug|Any CPU.ActiveCfg = Debug|Any CPU
		{F92DA93D-75DB-4308-A5F9-6B4C3908A675}.Debug|Any CPU.Build.0 = Debug|Any CPU
		{F92DA93D-75DB-4308-A5F9-6B4C3908A675}.Debug|arm64.ActiveCfg = Debug|Any CPU
		{F92DA93D-75DB-4308-A5F9-6B4C3908A675}.Debug|arm64.Build.0 = Debug|Any CPU
		{F92DA93D-75DB-4308-A5F9-6B4C3908A675}.Debug|x64.ActiveCfg = Debug|Any CPU
		{F92DA93D-75DB-4308-A5F9-6B4C3908A675}.Debug|x64.Build.0 = Debug|Any CPU
		{F92DA93D-75DB-4308-A5F9-6B4C3908A675}.Debug|x86.ActiveCfg = Debug|Any CPU
		{F92DA93D-75DB-4308-A5F9-6B4C3908A675}.Debug|x86.Build.0 = Debug|Any CPU
		{F92DA93D-75DB-4308-A5F9-6B4C3908A675}.Release|Any CPU.ActiveCfg = Release|Any CPU
		{F92DA93D-75DB-4308-A5F9-6B4C3908A675}.Release|Any CPU.Build.0 = Release|Any CPU
		{F92DA93D-75DB-4308-A5F9-6B4C3908A675}.Release|arm64.ActiveCfg = Release|Any CPU
		{F92DA93D-75DB-4308-A5F9-6B4C3908A675}.Release|arm64.Build.0 = Release|Any CPU
		{F92DA93D-75DB-4308-A5F9-6B4C3908A675}.Release|x64.ActiveCfg = Release|Any CPU
		{F92DA93D-75DB-4308-A5F9-6B4C3908A675}.Release|x64.Build.0 = Release|Any CPU
		{F92DA93D-75DB-4308-A5F9-6B4C3908A675}.Release|x86.ActiveCfg = Release|Any CPU
		{F92DA93D-75DB-4308-A5F9-6B4C3908A675}.Release|x86.Build.0 = Release|Any CPU
		{12430DAE-DC53-4C37-95D5-B8923B5FD3D7}.Debug|Any CPU.ActiveCfg = Debug|Any CPU
		{12430DAE-DC53-4C37-95D5-B8923B5FD3D7}.Debug|Any CPU.Build.0 = Debug|Any CPU
		{12430DAE-DC53-4C37-95D5-B8923B5FD3D7}.Debug|arm64.ActiveCfg = Debug|Any CPU
		{12430DAE-DC53-4C37-95D5-B8923B5FD3D7}.Debug|arm64.Build.0 = Debug|Any CPU
		{12430DAE-DC53-4C37-95D5-B8923B5FD3D7}.Debug|x64.ActiveCfg = Debug|Any CPU
		{12430DAE-DC53-4C37-95D5-B8923B5FD3D7}.Debug|x64.Build.0 = Debug|Any CPU
		{12430DAE-DC53-4C37-95D5-B8923B5FD3D7}.Debug|x86.ActiveCfg = Debug|Any CPU
		{12430DAE-DC53-4C37-95D5-B8923B5FD3D7}.Debug|x86.Build.0 = Debug|Any CPU
		{12430DAE-DC53-4C37-95D5-B8923B5FD3D7}.Release|Any CPU.ActiveCfg = Release|Any CPU
		{12430DAE-DC53-4C37-95D5-B8923B5FD3D7}.Release|Any CPU.Build.0 = Release|Any CPU
		{12430DAE-DC53-4C37-95D5-B8923B5FD3D7}.Release|arm64.ActiveCfg = Release|Any CPU
		{12430DAE-DC53-4C37-95D5-B8923B5FD3D7}.Release|arm64.Build.0 = Release|Any CPU
		{12430DAE-DC53-4C37-95D5-B8923B5FD3D7}.Release|x64.ActiveCfg = Release|Any CPU
		{12430DAE-DC53-4C37-95D5-B8923B5FD3D7}.Release|x64.Build.0 = Release|Any CPU
		{12430DAE-DC53-4C37-95D5-B8923B5FD3D7}.Release|x86.ActiveCfg = Release|Any CPU
		{12430DAE-DC53-4C37-95D5-B8923B5FD3D7}.Release|x86.Build.0 = Release|Any CPU
	EndGlobalSection
	GlobalSection(SolutionProperties) = preSolution
		HideSolutionNode = FALSE
	EndGlobalSection
	GlobalSection(NestedProjects) = preSolution
		{A204A102-C745-4D65-AEC8-7B96FAEDEF2D} = {52AECE49-F314-4F76-98F2-FA800F07824B}
		{38B18AB6-6E70-4696-8FB4-E8C8E12BF50C} = {CEAD0EA1-A971-4F5F-9EAE-C72F75D1F737}
		{426C21C0-5F14-491F-BCD1-6D2993510420} = {7BC11E28-8D3B-4C5B-AC08-AB249CC95F6D}
		{F92DA93D-75DB-4308-A5F9-6B4C3908A675} = {8F2103C2-78AF-4810-8FB9-67572F50C8FC}
		{12430DAE-DC53-4C37-95D5-B8923B5FD3D7} = {90C681E9-12AE-4B5F-932D-7EF5D35D8436}
	EndGlobalSection
	GlobalSection(ExtensibilityGlobals) = postSolution
		SolutionGuid = {458346DD-B23F-4FDC-8F9D-A10F1882A4DB}
	EndGlobalSection
EndGlobal
